
Microsoft Visual Studio Solution File, Format Version 12.00
# Visual Studio Version 17
VisualStudioVersion = 17.8.34330.188
MinimumVisualStudioVersion = 10.0.40219.1
Project("{FAE04EC0-301F-11D3-BF4B-00C04F79EFBC}") = "Spice n Booster Gobler", "Spice n Booster Gobler.csproj", "{7BA0FA54-1AEC-4594-AF46-096BA6F7D57F}"
EndProject
Global
	GlobalSection(SolutionConfigurationPlatforms) = preSolution
		Debug|Any CPU = Debug|Any CPU
		Release|Any CPU = Release|Any CPU
	EndGlobalSection
	GlobalSection(ProjectConfigurationPlatforms) = postSolution
		{7BA0FA54-1AEC-4594-AF46-096BA6F7D57F}.Debug|Any CPU.ActiveCfg = Debug|Any CPU
		{7BA0FA54-1AEC-4594-AF46-096BA6F7D57F}.Debug|Any CPU.Build.0 = Debug|Any CPU
		{7BA0FA54-1AEC-4594-AF46-096BA6F7D57F}.Release|Any CPU.ActiveCfg = Release|Any CPU
		{7BA0FA54-1AEC-4594-AF46-096BA6F7D57F}.Release|Any CPU.Build.0 = Release|Any CPU
	EndGlobalSection
	GlobalSection(SolutionProperties) = preSolution
		HideSolutionNode = FALSE
	EndGlobalSection
	GlobalSection(ExtensibilityGlobals) = postSolution
		SolutionGuid = {657F6497-1843-4A42-B69D-EDCC3ABEEB70}
	EndGlobalSection
EndGlobal
